
Microsoft Visual Studio Solution File, Format Version 12.00
# Visual Studio Version 17
VisualStudioVersion = 17.1.32210.238
MinimumVisualStudioVersion = 10.0.40219.1
Project("{FAE04EC0-301F-11D3-BF4B-00C04F79EFBC}") = "Assembly-CSharp", "Example of API calls\Assembly-CSharp.csproj", "{B70EC67E-2396-7A5A-7D64-B767FC7C74E8}"
EndProject
Project("{FAE04EC0-301F-11D3-BF4B-00C04F79EFBC}") = "Functions", "src\Functions\Functions.csproj", "{C6E771C9-6E6E-44CC-9589-1D8C7E85994B}"
EndProject
Global
	GlobalSection(SolutionConfigurationPlatforms) = preSolution
		Debug|Any CPU = Debug|Any CPU
		Release|Any CPU = Release|Any CPU
	EndGlobalSection
	GlobalSection(ProjectConfigurationPlatforms) = postSolution
		{B70EC67E-2396-7A5A-7D64-B767FC7C74E8}.Debug|Any CPU.ActiveCfg = Debug|Any CPU
		{B70EC67E-2396-7A5A-7D64-B767FC7C74E8}.Debug|Any CPU.Build.0 = Debug|Any CPU
		{B70EC67E-2396-7A5A-7D64-B767FC7C74E8}.Release|Any CPU.ActiveCfg = Release|Any CPU
		{B70EC67E-2396-7A5A-7D64-B767FC7C74E8}.Release|Any CPU.Build.0 = Release|Any CPU
		{C6E771C9-6E6E-44CC-9589-1D8C7E85994B}.Debug|Any CPU.ActiveCfg = Debug|Any CPU
		{C6E771C9-6E6E-44CC-9589-1D8C7E85994B}.Debug|Any CPU.Build.0 = Debug|Any CPU
		{C6E771C9-6E6E-44CC-9589-1D8C7E85994B}.Release|Any CPU.ActiveCfg = Release|Any CPU
		{C6E771C9-6E6E-44CC-9589-1D8C7E85994B}.Release|Any CPU.Build.0 = Release|Any CPU
	EndGlobalSection
	GlobalSection(SolutionProperties) = preSolution
		HideSolutionNode = FALSE
	EndGlobalSection
	GlobalSection(ExtensibilityGlobals) = postSolution
		SolutionGuid = {32915B00-ACDE-4E91-82BA-58AC5A903558}
	EndGlobalSection
EndGlobal
